
Microsoft Visual Studio Solution File, Format Version 12.00
Project("{F2A71F9B-5D33-465A-A702-920D77279786}") = "ascii-art", "ascii-art\ascii-art.fsproj", "{5B887F83-B1F5-46E4-99DC-677F0E8FC23D}"
EndProject
Project("{F2A71F9B-5D33-465A-A702-920D77279786}") = "huffman", "huffman\huffman.fsproj", "{CDA3BF73-7371-479F-B46E-54BA6B43E099}"
EndProject
Project("{2150E333-8FDC-42A3-9474-1A3956D46DE8}") = "doc", "doc", "{F330DFBA-348F-46A8-B75E-3E64E139A710}"
	ProjectSection(SolutionItems) = preProject
		ascii-art\ascii-art-for-blues.tex = ascii-art\ascii-art-for-blues.tex
		ascii-art\ascii-art-for-reds.tex = ascii-art\ascii-art-for-reds.tex
		huffman\huffman-for-blues.tex = huffman\huffman-for-blues.tex
		huffman\huffman-for-reds.tex = huffman\huffman-for-reds.tex
		huffman\huffman_abc.svg = huffman\huffman_abc.svg
		caesar\caesar-for-reds.tex = caesar\caesar-for-reds.tex
		caesar\caesar-for-blues.tex = caesar\caesar-for-blues.tex
	EndProjectSection
EndProject
Project("{F2A71F9B-5D33-465A-A702-920D77279786}") = "caesar", "caesar\caesar.fsproj", "{D0F7EAD4-251B-4999-8F99-F670820D863E}"
EndProject
Global
	GlobalSection(SolutionConfigurationPlatforms) = preSolution
		Debug|Any CPU = Debug|Any CPU
		Release|Any CPU = Release|Any CPU
	EndGlobalSection
	GlobalSection(ProjectConfigurationPlatforms) = postSolution
		{5B887F83-B1F5-46E4-99DC-677F0E8FC23D}.Debug|Any CPU.ActiveCfg = Debug|Any CPU
		{5B887F83-B1F5-46E4-99DC-677F0E8FC23D}.Debug|Any CPU.Build.0 = Debug|Any CPU
		{5B887F83-B1F5-46E4-99DC-677F0E8FC23D}.Release|Any CPU.ActiveCfg = Release|Any CPU
		{5B887F83-B1F5-46E4-99DC-677F0E8FC23D}.Release|Any CPU.Build.0 = Release|Any CPU
		{CDA3BF73-7371-479F-B46E-54BA6B43E099}.Debug|Any CPU.ActiveCfg = Debug|Any CPU
		{CDA3BF73-7371-479F-B46E-54BA6B43E099}.Debug|Any CPU.Build.0 = Debug|Any CPU
		{CDA3BF73-7371-479F-B46E-54BA6B43E099}.Release|Any CPU.ActiveCfg = Release|Any CPU
		{CDA3BF73-7371-479F-B46E-54BA6B43E099}.Release|Any CPU.Build.0 = Release|Any CPU
		{D0F7EAD4-251B-4999-8F99-F670820D863E}.Debug|Any CPU.ActiveCfg = Debug|Any CPU
		{D0F7EAD4-251B-4999-8F99-F670820D863E}.Debug|Any CPU.Build.0 = Debug|Any CPU
		{D0F7EAD4-251B-4999-8F99-F670820D863E}.Release|Any CPU.ActiveCfg = Release|Any CPU
		{D0F7EAD4-251B-4999-8F99-F670820D863E}.Release|Any CPU.Build.0 = Release|Any CPU
	EndGlobalSection
EndGlobal
